
Microsoft Visual Studio Solution File, Format Version 12.00
# Visual Studio Version 17
VisualStudioVersion = 17.5.33424.131
MinimumVisualStudioVersion = 10.0.40219.1
Project("{FAE04EC0-301F-11D3-BF4B-00C04F79EFBC}") = "Demo.PL", "Demo.PL\Demo.PL.csproj", "{00B27265-C3BD-4CBE-92C1-D42054E8FE55}"
EndProject
Project("{FAE04EC0-301F-11D3-BF4B-00C04F79EFBC}") = "Demo.Dal", "Demo.Dal\Demo.Dal.csproj", "{2F5076F8-3141-4E21-9034-9B5C65A8979C}"
EndProject
Project("{FAE04EC0-301F-11D3-BF4B-00C04F79EFBC}") = "Demo.Bll", "Demo.Bll\Demo.Bll.csproj", "{7B2EB955-03EC-4CA1-852F-267745F34236}"
EndProject
Global
	GlobalSection(SolutionConfigurationPlatforms) = preSolution
		Debug|Any CPU = Debug|Any CPU
		Release|Any CPU = Release|Any CPU
	EndGlobalSection
	GlobalSection(ProjectConfigurationPlatforms) = postSolution
		{00B27265-C3BD-4CBE-92C1-D42054E8FE55}.Debug|Any CPU.ActiveCfg = Debug|Any CPU
		{00B27265-C3BD-4CBE-92C1-D42054E8FE55}.Debug|Any CPU.Build.0 = Debug|Any CPU
		{00B27265-C3BD-4CBE-92C1-D42054E8FE55}.Release|Any CPU.ActiveCfg = Release|Any CPU
		{00B27265-C3BD-4CBE-92C1-D42054E8FE55}.Release|Any CPU.Build.0 = Release|Any CPU
		{2F5076F8-3141-4E21-9034-9B5C65A8979C}.Debug|Any CPU.ActiveCfg = Debug|Any CPU
		{2F5076F8-3141-4E21-9034-9B5C65A8979C}.Debug|Any CPU.Build.0 = Debug|Any CPU
		{2F5076F8-3141-4E21-9034-9B5C65A8979C}.Release|Any CPU.ActiveCfg = Release|Any CPU
		{2F5076F8-3141-4E21-9034-9B5C65A8979C}.Release|Any CPU.Build.0 = Release|Any CPU
		{7B2EB955-03EC-4CA1-852F-267745F34236}.Debug|Any CPU.ActiveCfg = Debug|Any CPU
		{7B2EB955-03EC-4CA1-852F-267745F34236}.Debug|Any CPU.Build.0 = Debug|Any CPU
		{7B2EB955-03EC-4CA1-852F-267745F34236}.Release|Any CPU.ActiveCfg = Release|Any CPU
		{7B2EB955-03EC-4CA1-852F-267745F34236}.Release|Any CPU.Build.0 = Release|Any CPU
	EndGlobalSection
	GlobalSection(SolutionProperties) = preSolution
		HideSolutionNode = FALSE
	EndGlobalSection
	GlobalSection(ExtensibilityGlobals) = postSolution
		SolutionGuid = {0D016E75-F4B8-4109-B5D3-1FFB90267167}
	EndGlobalSection
EndGlobal
